// !$*UTF8*$!
{
	archiveVersion = 1;
	classes = {
	};
	objectVersion = 55;
	objects = {

/* Begin PBXBuildFile section */
		56B63692F7AC68DAB78362DA /* libPods-Volrota.a in Frameworks */ = {isa = PBXBuildFile; fileRef = 36879C25EC67D15F5FBE1A39 /* libPods-Volrota.a */; };
		642F15A9295ED44200E199F9 /* AppDelegate.swift in Sources */ = {isa = PBXBuildFile; fileRef = 642F15A8295ED44200E199F9 /* AppDelegate.swift */; };
		642F15AB295ED44200E199F9 /* SceneDelegate.swift in Sources */ = {isa = PBXBuildFile; fileRef = 642F15AA295ED44200E199F9 /* SceneDelegate.swift */; };
		642F15AD295ED44200E199F9 /* ViewController.swift in Sources */ = {isa = PBXBuildFile; fileRef = 642F15AC295ED44200E199F9 /* ViewController.swift */; };
		642F15B0295ED44200E199F9 /* Main.storyboard in Resources */ = {isa = PBXBuildFile; fileRef = 642F15AE295ED44200E199F9 /* Main.storyboard */; };
		642F15B2295ED44700E199F9 /* Colors.xcassets in Resources */ = {isa = PBXBuildFile; fileRef = 642F15B1295ED44700E199F9 /* Colors.xcassets */; };
		642F15B5295ED44700E199F9 /* LaunchScreen.storyboard in Resources */ = {isa = PBXBuildFile; fileRef = 642F15B3295ED44700E199F9 /* LaunchScreen.storyboard */; };
		642F15BF295ED9F000E199F9 /* Images.xcassets in Resources */ = {isa = PBXBuildFile; fileRef = 642F15BE295ED9F000E199F9 /* Images.xcassets */; };
		642F15C3295EDBA000E199F9 /* Colors.swift in Sources */ = {isa = PBXBuildFile; fileRef = 642F15C1295EDBA000E199F9 /* Colors.swift */; };
		642F15C4295EDBA000E199F9 /* Images.swift in Sources */ = {isa = PBXBuildFile; fileRef = 642F15C2295EDBA000E199F9 /* Images.swift */; };
/* End PBXBuildFile section */

/* Begin PBXFileReference section */
		36879C25EC67D15F5FBE1A39 /* libPods-Volrota.a */ = {isa = PBXFileReference; explicitFileType = archive.ar; includeInIndex = 0; path = "libPods-Volrota.a"; sourceTree = BUILT_PRODUCTS_DIR; };
		4DDB3B022B5CAAF42DD5B0CB /* Pods-Volrota.debug.xcconfig */ = {isa = PBXFileReference; includeInIndex = 1; lastKnownFileType = text.xcconfig; name = "Pods-Volrota.debug.xcconfig"; path = "Target Support Files/Pods-Volrota/Pods-Volrota.debug.xcconfig"; sourceTree = "<group>"; };
		642F15A5295ED44200E199F9 /* Volrota.app */ = {isa = PBXFileReference; explicitFileType = wrapper.application; includeInIndex = 0; path = Volrota.app; sourceTree = BUILT_PRODUCTS_DIR; };
		642F15A8295ED44200E199F9 /* AppDelegate.swift */ = {isa = PBXFileReference; lastKnownFileType = sourcecode.swift; path = AppDelegate.swift; sourceTree = "<group>"; };
		642F15AA295ED44200E199F9 /* SceneDelegate.swift */ = {isa = PBXFileReference; lastKnownFileType = sourcecode.swift; path = SceneDelegate.swift; sourceTree = "<group>"; };
		642F15AC295ED44200E199F9 /* ViewController.swift */ = {isa = PBXFileReference; lastKnownFileType = sourcecode.swift; path = ViewController.swift; sourceTree = "<group>"; };
		642F15AF295ED44200E199F9 /* Base */ = {isa = PBXFileReference; lastKnownFileType = file.storyboard; name = Base; path = Base.lproj/Main.storyboard; sourceTree = "<group>"; };
		642F15B1295ED44700E199F9 /* Colors.xcassets */ = {isa = PBXFileReference; lastKnownFileType = folder.assetcatalog; path = Colors.xcassets; sourceTree = "<group>"; };
		642F15B4295ED44700E199F9 /* Base */ = {isa = PBXFileReference; lastKnownFileType = file.storyboard; name = Base; path = Base.lproj/LaunchScreen.storyboard; sourceTree = "<group>"; };
		642F15B6295ED44700E199F9 /* Info.plist */ = {isa = PBXFileReference; lastKnownFileType = text.plist.xml; path = Info.plist; sourceTree = "<group>"; };
		642F15BE295ED9F000E199F9 /* Images.xcassets */ = {isa = PBXFileReference; lastKnownFileType = folder.assetcatalog; path = Images.xcassets; sourceTree = "<group>"; };
		642F15C1295EDBA000E199F9 /* Colors.swift */ = {isa = PBXFileReference; fileEncoding = 4; lastKnownFileType = sourcecode.swift; path = Colors.swift; sourceTree = "<group>"; };
		642F15C2295EDBA000E199F9 /* Images.swift */ = {isa = PBXFileReference; fileEncoding = 4; lastKnownFileType = sourcecode.swift; path = Images.swift; sourceTree = "<group>"; };
		72CF3CD144CA89EAF2E4F1BA /* Pods-Volrota.release.xcconfig */ = {isa = PBXFileReference; includeInIndex = 1; lastKnownFileType = text.xcconfig; name = "Pods-Volrota.release.xcconfig"; path = "Target Support Files/Pods-Volrota/Pods-Volrota.release.xcconfig"; sourceTree = "<group>"; };
/* End PBXFileReference section */

/* Begin PBXFrameworksBuildPhase section */
		642F15A2295ED44200E199F9 /* Frameworks */ = {
			isa = PBXFrameworksBuildPhase;
			buildActionMask = 2147483647;
			files = (
				56B63692F7AC68DAB78362DA /* libPods-Volrota.a in Frameworks */,
			);
			runOnlyForDeploymentPostprocessing = 0;
		};
/* End PBXFrameworksBuildPhase section */

/* Begin PBXGroup section */
		642F159C295ED44100E199F9 = {
			isa = PBXGroup;
			children = (
				642F15A7295ED44200E199F9 /* Volrota */,
				642F15A6295ED44200E199F9 /* Products */,
				8758E01FED81009997D4B05E /* Pods */,
				6AB663897E8C0476FACEEDD5 /* Frameworks */,
			);
			sourceTree = "<group>";
		};
		642F15A6295ED44200E199F9 /* Products */ = {
			isa = PBXGroup;
			children = (
				642F15A5295ED44200E199F9 /* Volrota.app */,
			);
			name = Products;
			sourceTree = "<group>";
		};
		642F15A7295ED44200E199F9 /* Volrota */ = {
			isa = PBXGroup;
			children = (
				642F15BD295ED9C300E199F9 /* Resources */,
				642F15A8295ED44200E199F9 /* AppDelegate.swift */,
				642F15AA295ED44200E199F9 /* SceneDelegate.swift */,
				642F15AC295ED44200E199F9 /* ViewController.swift */,
				642F15AE295ED44200E199F9 /* Main.storyboard */,
				642F15B3295ED44700E199F9 /* LaunchScreen.storyboard */,
				642F15B6295ED44700E199F9 /* Info.plist */,
			);
			path = Volrota;
			sourceTree = "<group>";
		};
		642F15BD295ED9C300E199F9 /* Resources */ = {
			isa = PBXGroup;
			children = (
				642F15C0295EDA0900E199F9 /* SwiftGen */,
				642F15B1295ED44700E199F9 /* Colors.xcassets */,
				642F15BE295ED9F000E199F9 /* Images.xcassets */,
			);
			path = Resources;
			sourceTree = "<group>";
		};
		642F15C0295EDA0900E199F9 /* SwiftGen */ = {
			isa = PBXGroup;
			children = (
				642F15C1295EDBA000E199F9 /* Colors.swift */,
				642F15C2295EDBA000E199F9 /* Images.swift */,
			);
			path = SwiftGen;
			sourceTree = "<group>";
		};
		6AB663897E8C0476FACEEDD5 /* Frameworks */ = {
			isa = PBXGroup;
			children = (
				36879C25EC67D15F5FBE1A39 /* libPods-Volrota.a */,
			);
			name = Frameworks;
			sourceTree = "<group>";
		};
		8758E01FED81009997D4B05E /* Pods */ = {
			isa = PBXGroup;
			children = (
				4DDB3B022B5CAAF42DD5B0CB /* Pods-Volrota.debug.xcconfig */,
				72CF3CD144CA89EAF2E4F1BA /* Pods-Volrota.release.xcconfig */,
			);
			path = Pods;
			sourceTree = "<group>";
		};
/* End PBXGroup section */

/* Begin PBXNativeTarget section */
		642F15A4295ED44200E199F9 /* Volrota */ = {
			isa = PBXNativeTarget;
			buildConfigurationList = 642F15B9295ED44700E199F9 /* Build configuration list for PBXNativeTarget "Volrota" */;
			buildPhases = (
				EF20ADF68FD77B7DC5EC1353 /* [CP] Check Pods Manifest.lock */,
				642F15BC295ED91B00E199F9 /* SwiftGen */,
				642F15A1295ED44200E199F9 /* Sources */,
				642F15A2295ED44200E199F9 /* Frameworks */,
				642F15A3295ED44200E199F9 /* Resources */,
			);
			buildRules = (
			);
			dependencies = (
			);
			name = Volrota;
			productName = Volrota;
			productReference = 642F15A5295ED44200E199F9 /* Volrota.app */;
			productType = "com.apple.product-type.application";
		};
/* End PBXNativeTarget section */

/* Begin PBXProject section */
		642F159D295ED44100E199F9 /* Project object */ = {
			isa = PBXProject;
			attributes = {
				BuildIndependentTargetsInParallel = 1;
				LastSwiftUpdateCheck = 1410;
				LastUpgradeCheck = 1410;
				TargetAttributes = {
					642F15A4295ED44200E199F9 = {
						CreatedOnToolsVersion = 14.1;
					};
				};
			};
			buildConfigurationList = 642F15A0295ED44100E199F9 /* Build configuration list for PBXProject "Volrota" */;
			compatibilityVersion = "Xcode 13.0";
			developmentRegion = en;
			hasScannedForEncodings = 0;
			knownRegions = (
				en,
				Base,
			);
			mainGroup = 642F159C295ED44100E199F9;
			productRefGroup = 642F15A6295ED44200E199F9 /* Products */;
			projectDirPath = "";
			projectRoot = "";
			targets = (
				642F15A4295ED44200E199F9 /* Volrota */,
			);
		};
/* End PBXProject section */

/* Begin PBXResourcesBuildPhase section */
		642F15A3295ED44200E199F9 /* Resources */ = {
			isa = PBXResourcesBuildPhase;
			buildActionMask = 2147483647;
			files = (
				642F15B5295ED44700E199F9 /* LaunchScreen.storyboard in Resources */,
				642F15BF295ED9F000E199F9 /* Images.xcassets in Resources */,
				642F15B2295ED44700E199F9 /* Colors.xcassets in Resources */,
				642F15B0295ED44200E199F9 /* Main.storyboard in Resources */,
			);
			runOnlyForDeploymentPostprocessing = 0;
		};
/* End PBXResourcesBuildPhase section */

/* Begin PBXShellScriptBuildPhase section */
		642F15BC295ED91B00E199F9 /* SwiftGen */ = {
			isa = PBXShellScriptBuildPhase;
			buildActionMask = 2147483647;
			files = (
			);
			inputFileListPaths = (
			);
			inputPaths = (
			);
			name = SwiftGen;
			outputFileListPaths = (
			);
			outputPaths = (
			);
			runOnlyForDeploymentPostprocessing = 0;
			shellPath = /bin/sh;
			shellScript = "\"${PODS_ROOT}/SwiftGen/bin/swiftgen\"\n";
		};
		EF20ADF68FD77B7DC5EC1353 /* [CP] Check Pods Manifest.lock */ = {
			isa = PBXShellScriptBuildPhase;
			buildActionMask = 2147483647;
			files = (
			);
			inputFileListPaths = (
			);
			inputPaths = (
				"${PODS_PODFILE_DIR_PATH}/Podfile.lock",
				"${PODS_ROOT}/Manifest.lock",
			);
			name = "[CP] Check Pods Manifest.lock";
			outputFileListPaths = (
			);
			outputPaths = (
				"$(DERIVED_FILE_DIR)/Pods-Volrota-checkManifestLockResult.txt",
			);
			runOnlyForDeploymentPostprocessing = 0;
			shellPath = /bin/sh;
			shellScript = "diff \"${PODS_PODFILE_DIR_PATH}/Podfile.lock\" \"${PODS_ROOT}/Manifest.lock\" > /dev/null\nif [ $? != 0 ] ; then\n    # print error to STDERR\n    echo \"error: The sandbox is not in sync with the Podfile.lock. Run 'pod install' or update your CocoaPods installation.\" >&2\n    exit 1\nfi\n# This output is used by Xcode 'outputs' to avoid re-running this script phase.\necho \"SUCCESS\" > \"${SCRIPT_OUTPUT_FILE_0}\"\n";
			showEnvVarsInLog = 0;
		};
/* End PBXShellScriptBuildPhase section */

/* Begin PBXSourcesBuildPhase section */
		642F15A1295ED44200E199F9 /* Sources */ = {
			isa = PBXSourcesBuildPhase;
			buildActionMask = 2147483647;
			files = (
				642F15AD295ED44200E199F9 /* ViewController.swift in Sources */,
				642F15C3295EDBA000E199F9 /* Colors.swift in Sources */,
				642F15C4295EDBA000E199F9 /* Images.swift in Sources */,
				642F15A9295ED44200E199F9 /* AppDelegate.swift in Sources */,
				642F15AB295ED44200E199F9 /* SceneDelegate.swift in Sources */,
			);
			runOnlyForDeploymentPostprocessing = 0;
		};
/* End PBXSourcesBuildPhase section */

/* Begin PBXVariantGroup section */
		642F15AE295ED44200E199F9 /* Main.storyboard */ = {
			isa = PBXVariantGroup;
			children = (
				642F15AF295ED44200E199F9 /* Base */,
			);
			name = Main.storyboard;
			sourceTree = "<group>";
		};
		642F15B3295ED44700E199F9 /* LaunchScreen.storyboard */ = {
			isa = PBXVariantGroup;
			children = (
				642F15B4295ED44700E199F9 /* Base */,
			);
			name = LaunchScreen.storyboard;
			sourceTree = "<group>";
		};
/* End PBXVariantGroup section */

/* Begin XCBuildConfiguration section */
		642F15B7295ED44700E199F9 /* Debug */ = {
			isa = XCBuildConfiguration;
			buildSettings = {
				ALWAYS_SEARCH_USER_PATHS = NO;
				CLANG_ANALYZER_NONNULL = YES;
				CLANG_ANALYZER_NUMBER_OBJECT_CONVERSION = YES_AGGRESSIVE;
				CLANG_CXX_LANGUAGE_STANDARD = "gnu++20";
				CLANG_ENABLE_MODULES = YES;
				CLANG_ENABLE_OBJC_ARC = YES;
				CLANG_ENABLE_OBJC_WEAK = YES;
				CLANG_WARN_BLOCK_CAPTURE_AUTORELEASING = YES;
				CLANG_WARN_BOOL_CONVERSION = YES;
				CLANG_WARN_COMMA = YES;
				CLANG_WARN_CONSTANT_CONVERSION = YES;
				CLANG_WARN_DEPRECATED_OBJC_IMPLEMENTATIONS = YES;
				CLANG_WARN_DIRECT_OBJC_ISA_USAGE = YES_ERROR;
				CLANG_WARN_DOCUMENTATION_COMMENTS = YES;
				CLANG_WARN_EMPTY_BODY = YES;
				CLANG_WARN_ENUM_CONVERSION = YES;
				CLANG_WARN_INFINITE_RECURSION = YES;
				CLANG_WARN_INT_CONVERSION = YES;
				CLANG_WARN_NON_LITERAL_NULL_CONVERSION = YES;
				CLANG_WARN_OBJC_IMPLICIT_RETAIN_SELF = YES;
				CLANG_WARN_OBJC_LITERAL_CONVERSION = YES;
				CLANG_WARN_OBJC_ROOT_CLASS = YES_ERROR;
				CLANG_WARN_QUOTED_INCLUDE_IN_FRAMEWORK_HEADER = YES;
				CLANG_WARN_RANGE_LOOP_ANALYSIS = YES;
				CLANG_WARN_STRICT_PROTOTYPES = YES;
				CLANG_WARN_SUSPICIOUS_MOVE = YES;
				CLANG_WARN_UNGUARDED_AVAILABILITY = YES_AGGRESSIVE;
				CLANG_WARN_UNREACHABLE_CODE = YES;
				CLANG_WARN__DUPLICATE_METHOD_MATCH = YES;
				COPY_PHASE_STRIP = NO;
				DEBUG_INFORMATION_FORMAT = dwarf;
				ENABLE_STRICT_OBJC_MSGSEND = YES;
				ENABLE_TESTABILITY = YES;
				GCC_C_LANGUAGE_STANDARD = gnu11;
				GCC_DYNAMIC_NO_PIC = NO;
				GCC_NO_COMMON_BLOCKS = YES;
				GCC_OPTIMIZATION_LEVEL = 0;
				GCC_PREPROCESSOR_DEFINITIONS = (
					"DEBUG=1",
					"$(inherited)",
				);
				GCC_WARN_64_TO_32_BIT_CONVERSION = YES;
				GCC_WARN_ABOUT_RETURN_TYPE = YES_ERROR;
				GCC_WARN_UNDECLARED_SELECTOR = YES;
				GCC_WARN_UNINITIALIZED_AUTOS = YES_AGGRESSIVE;
				GCC_WARN_UNUSED_FUNCTION = YES;
				GCC_WARN_UNUSED_VARIABLE = YES;
				IPHONEOS_DEPLOYMENT_TARGET = 16.1;
				MTL_ENABLE_DEBUG_INFO = INCLUDE_SOURCE;
				MTL_FAST_MATH = YES;
				ONLY_ACTIVE_ARCH = YES;
				SDKROOT = iphoneos;
				SWIFT_ACTIVE_COMPILATION_CONDITIONS = DEBUG;
				SWIFT_OPTIMIZATION_LEVEL = "-Onone";
			};
			name = Debug;
		};
		642F15B8295ED44700E199F9 /* Release */ = {
			isa = XCBuildConfiguration;
			buildSettings = {
				ALWAYS_SEARCH_USER_PATHS = NO;
				CLANG_ANALYZER_NONNULL = YES;
				CLANG_ANALYZER_NUMBER_OBJECT_CONVERSION = YES_AGGRESSIVE;
				CLANG_CXX_LANGUAGE_STANDARD = "gnu++20";
				CLANG_ENABLE_MODULES = YES;
				CLANG_ENABLE_OBJC_ARC = YES;
				CLANG_ENABLE_OBJC_WEAK = YES;
				CLANG_WARN_BLOCK_CAPTURE_AUTORELEASING = YES;
				CLANG_WARN_BOOL_CONVERSION = YES;
				CLANG_WARN_COMMA = YES;
				CLANG_WARN_CONSTANT_CONVERSION = YES;
				CLANG_WARN_DEPRECATED_OBJC_IMPLEMENTATIONS = YES;
				CLANG_WARN_DIRECT_OBJC_ISA_USAGE = YES_ERROR;
				CLANG_WARN_DOCUMENTATION_COMMENTS = YES;
				CLANG_WARN_EMPTY_BODY = YES;
				CLANG_WARN_ENUM_CONVERSION = YES;
				CLANG_WARN_INFINITE_RECURSION = YES;
				CLANG_WARN_INT_CONVERSION = YES;
				CLANG_WARN_NON_LITERAL_NULL_CONVERSION = YES;
				CLANG_WARN_OBJC_IMPLICIT_RETAIN_SELF = YES;
				CLANG_WARN_OBJC_LITERAL_CONVERSION = YES;
				CLANG_WARN_OBJC_ROOT_CLASS = YES_ERROR;
				CLANG_WARN_QUOTED_INCLUDE_IN_FRAMEWORK_HEADER = YES;
				CLANG_WARN_RANGE_LOOP_ANALYSIS = YES;
				CLANG_WARN_STRICT_PROTOTYPES = YES;
				CLANG_WARN_SUSPICIOUS_MOVE = YES;
				CLANG_WARN_UNGUARDED_AVAILABILITY = YES_AGGRESSIVE;
				CLANG_WARN_UNREACHABLE_CODE = YES;
				CLANG_WARN__DUPLICATE_METHOD_MATCH = YES;
				COPY_PHASE_STRIP = NO;
				DEBUG_INFORMATION_FORMAT = "dwarf-with-dsym";
				ENABLE_NS_ASSERTIONS = NO;
				ENABLE_STRICT_OBJC_MSGSEND = YES;
				GCC_C_LANGUAGE_STANDARD = gnu11;
				GCC_NO_COMMON_BLOCKS = YES;
				GCC_WARN_64_TO_32_BIT_CONVERSION = YES;
				GCC_WARN_ABOUT_RETURN_TYPE = YES_ERROR;
				GCC_WARN_UNDECLARED_SELECTOR = YES;
				GCC_WARN_UNINITIALIZED_AUTOS = YES_AGGRESSIVE;
				GCC_WARN_UNUSED_FUNCTION = YES;
				GCC_WARN_UNUSED_VARIABLE = YES;
				IPHONEOS_DEPLOYMENT_TARGET = 16.1;
				MTL_ENABLE_DEBUG_INFO = NO;
				MTL_FAST_MATH = YES;
				SDKROOT = iphoneos;
				SWIFT_COMPILATION_MODE = wholemodule;
				SWIFT_OPTIMIZATION_LEVEL = "-O";
				VALIDATE_PRODUCT = YES;
			};
			name = Release;
		};
		642F15BA295ED44700E199F9 /* Debug */ = {
			isa = XCBuildConfiguration;
			baseConfigurationReference = 4DDB3B022B5CAAF42DD5B0CB /* Pods-Volrota.debug.xcconfig */;
			buildSettings = {
				ASSETCATALOG_COMPILER_APPICON_NAME = AppIcon;
				ASSETCATALOG_COMPILER_GLOBAL_ACCENT_COLOR_NAME = AccentColor;
				CODE_SIGN_STYLE = Automatic;
				CURRENT_PROJECT_VERSION = 1;
				DEVELOPMENT_TEAM = 88DU546X6V;
				GENERATE_INFOPLIST_FILE = YES;
				INFOPLIST_FILE = Volrota/Info.plist;
				INFOPLIST_KEY_UIApplicationSupportsIndirectInputEvents = YES;
				INFOPLIST_KEY_UILaunchStoryboardName = LaunchScreen;
				INFOPLIST_KEY_UIMainStoryboardFile = Main;
				INFOPLIST_KEY_UISupportedInterfaceOrientations_iPad = "UIInterfaceOrientationPortrait UIInterfaceOrientationPortraitUpsideDown UIInterfaceOrientationLandscapeLeft UIInterfaceOrientationLandscapeRight";
				INFOPLIST_KEY_UISupportedInterfaceOrientations_iPhone = "UIInterfaceOrientationPortrait UIInterfaceOrientationLandscapeLeft UIInterfaceOrientationLandscapeRight";
				IPHONEOS_DEPLOYMENT_TARGET = 14.1;
				LD_RUNPATH_SEARCH_PATHS = (
					"$(inherited)",
					"@executable_path/Frameworks",
				);
				MARKETING_VERSION = 1.0;
				PRODUCT_BUNDLE_IDENTIFIER = com.jqsoftware.Volrota;
				PRODUCT_NAME = "$(TARGET_NAME)";
				SWIFT_EMIT_LOC_STRINGS = YES;
				SWIFT_VERSION = 5.0;
				TARGETED_DEVICE_FAMILY = "1,2";
			};
			name = Debug;
		};
		642F15BB295ED44700E199F9 /* Release */ = {
			isa = XCBuildConfiguration;
			baseConfigurationReference = 72CF3CD144CA89EAF2E4F1BA /* Pods-Volrota.release.xcconfig */;
			buildSettings = {
				ASSETCATALOG_COMPILER_APPICON_NAME = AppIcon;
				ASSETCATALOG_COMPILER_GLOBAL_ACCENT_COLOR_NAME = AccentColor;
				CODE_SIGN_STYLE = Automatic;
				CURRENT_PROJECT_VERSION = 1;
				DEVELOPMENT_TEAM = 88DU546X6V;
				GENERATE_INFOPLIST_FILE = YES;
				INFOPLIST_FILE = Volrota/Info.plist;
				INFOPLIST_KEY_UIApplicationSupportsIndirectInputEvents = YES;
				INFOPLIST_KEY_UILaunchStoryboardName = LaunchScreen;
				INFOPLIST_KEY_UIMainStoryboardFile = Main;
				INFOPLIST_KEY_UISupportedInterfaceOrientations_iPad = "UIInterfaceOrientationPortrait UIInterfaceOrientationPortraitUpsideDown UIInterfaceOrientationLandscapeLeft UIInterfaceOrientationLandscapeRight";
				INFOPLIST_KEY_UISupportedInterfaceOrientations_iPhone = "UIInterfaceOrientationPortrait UIInterfaceOrientationLandscapeLeft UIInterfaceOrientationLandscapeRight";
				IPHONEOS_DEPLOYMENT_TARGET = 14.1;
				LD_RUNPATH_SEARCH_PATHS = (
					"$(inherited)",
					"@executable_path/Frameworks",
				);
				MARKETING_VERSION = 1.0;
				PRODUCT_BUNDLE_IDENTIFIER = com.jqsoftware.Volrota;
				PRODUCT_NAME = "$(TARGET_NAME)";
				SWIFT_EMIT_LOC_STRINGS = YES;
				SWIFT_VERSION = 5.0;
				TARGETED_DEVICE_FAMILY = "1,2";
			};
			name = Release;
		};
/* End XCBuildConfiguration section */

/* Begin XCConfigurationList section */
		642F15A0295ED44100E199F9 /* Build configuration list for PBXProject "Volrota" */ = {
			isa = XCConfigurationList;
			buildConfigurations = (
				642F15B7295ED44700E199F9 /* Debug */,
				642F15B8295ED44700E199F9 /* Release */,
			);
			defaultConfigurationIsVisible = 0;
			defaultConfigurationName = Release;
		};
		642F15B9295ED44700E199F9 /* Build configuration list for PBXNativeTarget "Volrota" */ = {
			isa = XCConfigurationList;
			buildConfigurations = (
				642F15BA295ED44700E199F9 /* Debug */,
				642F15BB295ED44700E199F9 /* Release */,
			);
			defaultConfigurationIsVisible = 0;
			defaultConfigurationName = Release;
		};
/* End XCConfigurationList section */
	};
	rootObject = 642F159D295ED44100E199F9 /* Project object */;
}
