// !$*UTF8*$!
{
	archiveVersion = 1;
	classes = {
	};
	objectVersion = 55;
	objects = {

/* Begin PBXBuildFile section */
		56B63692F7AC68DAB78362DA /* libPods-Volrota.a in Frameworks */ = {isa = PBXBuildFile; fileRef = 36879C25EC67D15F5FBE1A39 /* libPods-Volrota.a */; };
		642F15A9295ED44200E199F9 /* AppDelegate.swift in Sources */ = {isa = PBXBuildFile; fileRef = 642F15A8295ED44200E199F9 /* AppDelegate.swift */; };
		642F15AB295ED44200E199F9 /* SceneDelegate.swift in Sources */ = {isa = PBXBuildFile; fileRef = 642F15AA295ED44200E199F9 /* SceneDelegate.swift */; };
		642F15B2295ED44700E199F9 /* Colors.xcassets in Resources */ = {isa = PBXBuildFile; fileRef = 642F15B1295ED44700E199F9 /* Colors.xcassets */; };
		642F15B5295ED44700E199F9 /* LaunchScreen.storyboard in Resources */ = {isa = PBXBuildFile; fileRef = 642F15B3295ED44700E199F9 /* LaunchScreen.storyboard */; };
		642F15BF295ED9F000E199F9 /* Images.xcassets in Resources */ = {isa = PBXBuildFile; fileRef = 642F15BE295ED9F000E199F9 /* Images.xcassets */; };
		642F15C3295EDBA000E199F9 /* Colors.swift in Sources */ = {isa = PBXBuildFile; fileRef = 642F15C1295EDBA000E199F9 /* Colors.swift */; };
		642F15C4295EDBA000E199F9 /* Images.swift in Sources */ = {isa = PBXBuildFile; fileRef = 642F15C2295EDBA000E199F9 /* Images.swift */; };
		642F15CA295EFB8F00E199F9 /* Dependencies.swift in Sources */ = {isa = PBXBuildFile; fileRef = 642F15C9295EFB8E00E199F9 /* Dependencies.swift */; };
		642F15CC295EFBDE00E199F9 /* AppCoordinator.swift in Sources */ = {isa = PBXBuildFile; fileRef = 642F15CB295EFBDE00E199F9 /* AppCoordinator.swift */; };
		642F15CE295EFC2900E199F9 /* TabCoordinator.swift in Sources */ = {isa = PBXBuildFile; fileRef = 642F15CD295EFC2900E199F9 /* TabCoordinator.swift */; };
		642F15D3295EFCE200E199F9 /* SplashPresenter.swift in Sources */ = {isa = PBXBuildFile; fileRef = 642F15D0295EFCE200E199F9 /* SplashPresenter.swift */; };
		642F15D4295EFCE200E199F9 /* SplashViewController.swift in Sources */ = {isa = PBXBuildFile; fileRef = 642F15D1295EFCE200E199F9 /* SplashViewController.swift */; };
		642F15D5295EFCE200E199F9 /* SplashBuilder.swift in Sources */ = {isa = PBXBuildFile; fileRef = 642F15D2295EFCE200E199F9 /* SplashBuilder.swift */; };
		642F15D9295EFE6D00E199F9 /* Do.swift in Sources */ = {isa = PBXBuildFile; fileRef = 642F15D8295EFE6D00E199F9 /* Do.swift */; };
		642F15DD295EFF1F00E199F9 /* UIView+Extension.swift in Sources */ = {isa = PBXBuildFile; fileRef = 642F15DC295EFF1F00E199F9 /* UIView+Extension.swift */; };
		642F15DF295EFFFB00E199F9 /* MainCoordinator.swift in Sources */ = {isa = PBXBuildFile; fileRef = 642F15DE295EFFFB00E199F9 /* MainCoordinator.swift */; };
		642F15E1295F001100E199F9 /* HelperCoordinator.swift in Sources */ = {isa = PBXBuildFile; fileRef = 642F15E0295F001100E199F9 /* HelperCoordinator.swift */; };
		642F15E3295F001D00E199F9 /* SettingsCoordinator.swift in Sources */ = {isa = PBXBuildFile; fileRef = 642F15E2295F001D00E199F9 /* SettingsCoordinator.swift */; };
		642F15E8295F030C00E199F9 /* MainPresenter.swift in Sources */ = {isa = PBXBuildFile; fileRef = 642F15E5295F030C00E199F9 /* MainPresenter.swift */; };
		642F15E9295F030C00E199F9 /* MainViewController.swift in Sources */ = {isa = PBXBuildFile; fileRef = 642F15E6295F030C00E199F9 /* MainViewController.swift */; };
		642F15EA295F030C00E199F9 /* MainBuilder.swift in Sources */ = {isa = PBXBuildFile; fileRef = 642F15E7295F030C00E199F9 /* MainBuilder.swift */; };
		642F15F6295F037C00E199F9 /* SettingsPresenter.swift in Sources */ = {isa = PBXBuildFile; fileRef = 642F15F3295F037C00E199F9 /* SettingsPresenter.swift */; };
		642F15F7295F037C00E199F9 /* SettingsViewController.swift in Sources */ = {isa = PBXBuildFile; fileRef = 642F15F4295F037C00E199F9 /* SettingsViewController.swift */; };
		642F15F8295F037C00E199F9 /* SettingsBuilder.swift in Sources */ = {isa = PBXBuildFile; fileRef = 642F15F5295F037C00E199F9 /* SettingsBuilder.swift */; };
		642F15FB295F050700E199F9 /* Transition.swift in Sources */ = {isa = PBXBuildFile; fileRef = 642F15FA295F050700E199F9 /* Transition.swift */; };
		ED10292529C5FE6B0066EA22 /* ProfileTableViewCell.swift in Sources */ = {isa = PBXBuildFile; fileRef = ED10292429C5FE6B0066EA22 /* ProfileTableViewCell.swift */; };
		ED10292729C602800066EA22 /* ProfileSettingsCell.swift in Sources */ = {isa = PBXBuildFile; fileRef = ED10292629C602800066EA22 /* ProfileSettingsCell.swift */; };
		ED10292929C605F10066EA22 /* ProfileCoordinator.swift in Sources */ = {isa = PBXBuildFile; fileRef = ED10292829C605F10066EA22 /* ProfileCoordinator.swift */; };
		ED28268929C308600026000B /* ProfileView.swift in Sources */ = {isa = PBXBuildFile; fileRef = ED28268829C308600026000B /* ProfileView.swift */; };
		ED28268F29C325FC0026000B /* UIViewController+Extension.swift in Sources */ = {isa = PBXBuildFile; fileRef = ED28268E29C325FC0026000B /* UIViewController+Extension.swift */; };
		ED28269129C32DEB0026000B /* UICollectionView+Extension.swift in Sources */ = {isa = PBXBuildFile; fileRef = ED28269029C32DEB0026000B /* UICollectionView+Extension.swift */; };
		ED28269329C32E040026000B /* UITableView+Extension.swift in Sources */ = {isa = PBXBuildFile; fileRef = ED28269229C32E040026000B /* UITableView+Extension.swift */; };
		ED28269629C32E490026000B /* HorizontalTableViewCell.swift in Sources */ = {isa = PBXBuildFile; fileRef = ED28269529C32E490026000B /* HorizontalTableViewCell.swift */; };
		ED28269929C32F850026000B /* NewsCollectionViewCell.swift in Sources */ = {isa = PBXBuildFile; fileRef = ED28269829C32F850026000B /* NewsCollectionViewCell.swift */; };
		ED28269B29C32FC70026000B /* NewsView.swift in Sources */ = {isa = PBXBuildFile; fileRef = ED28269A29C32FC70026000B /* NewsView.swift */; };
		ED455B1929C483A0003C0A0E /* HelperPresenter.swift in Sources */ = {isa = PBXBuildFile; fileRef = ED455B1629C483A0003C0A0E /* HelperPresenter.swift */; };
		ED455B1A29C483A0003C0A0E /* HelperViewController.swift in Sources */ = {isa = PBXBuildFile; fileRef = ED455B1729C483A0003C0A0E /* HelperViewController.swift */; };
		ED455B1B29C483A0003C0A0E /* HelperBuilder.swift in Sources */ = {isa = PBXBuildFile; fileRef = ED455B1829C483A0003C0A0E /* HelperBuilder.swift */; };
		ED455B1D29C49C8F003C0A0E /* ErrorView.swift in Sources */ = {isa = PBXBuildFile; fileRef = ED455B1C29C49C8F003C0A0E /* ErrorView.swift */; };
		ED455B1F29C4A1B6003C0A0E /* LoadingView.swift in Sources */ = {isa = PBXBuildFile; fileRef = ED455B1E29C4A1B6003C0A0E /* LoadingView.swift */; };
		ED455B2429C4B66E003C0A0E /* ProfilePresenter.swift in Sources */ = {isa = PBXBuildFile; fileRef = ED455B2129C4B66E003C0A0E /* ProfilePresenter.swift */; };
		ED455B2529C4B66E003C0A0E /* ProfileViewController.swift in Sources */ = {isa = PBXBuildFile; fileRef = ED455B2229C4B66E003C0A0E /* ProfileViewController.swift */; };
		ED455B2629C4B66E003C0A0E /* ProfileBuilder.swift in Sources */ = {isa = PBXBuildFile; fileRef = ED455B2329C4B66E003C0A0E /* ProfileBuilder.swift */; };
		ED455B2B29C4BDB9003C0A0E /* ActualDetailPresenter.swift in Sources */ = {isa = PBXBuildFile; fileRef = ED455B2829C4BDB9003C0A0E /* ActualDetailPresenter.swift */; };
		ED455B2C29C4BDB9003C0A0E /* ActualDetailViewController.swift in Sources */ = {isa = PBXBuildFile; fileRef = ED455B2929C4BDB9003C0A0E /* ActualDetailViewController.swift */; };
		ED455B2D29C4BDB9003C0A0E /* ActualDetailBuilder.swift in Sources */ = {isa = PBXBuildFile; fileRef = ED455B2A29C4BDB9003C0A0E /* ActualDetailBuilder.swift */; };
		ED455B3229C5EB54003C0A0E /* NotificationsPermissionService.swift in Sources */ = {isa = PBXBuildFile; fileRef = ED455B3029C5EB54003C0A0E /* NotificationsPermissionService.swift */; };
		ED455B3329C5EB54003C0A0E /* PermissionService.swift in Sources */ = {isa = PBXBuildFile; fileRef = ED455B3129C5EB54003C0A0E /* PermissionService.swift */; };
		ED455B3829C5EB95003C0A0E /* OnboardingPresenter.swift in Sources */ = {isa = PBXBuildFile; fileRef = ED455B3529C5EB95003C0A0E /* OnboardingPresenter.swift */; };
		ED455B3929C5EB95003C0A0E /* OnboardingViewController.swift in Sources */ = {isa = PBXBuildFile; fileRef = ED455B3629C5EB95003C0A0E /* OnboardingViewController.swift */; };
		ED455B3A29C5EB95003C0A0E /* OnboardingBuilder.swift in Sources */ = {isa = PBXBuildFile; fileRef = ED455B3729C5EB95003C0A0E /* OnboardingBuilder.swift */; };
		ED455B3F29C5EC4D003C0A0E /* BorderedButton.swift in Sources */ = {isa = PBXBuildFile; fileRef = ED455B3E29C5EC4D003C0A0E /* BorderedButton.swift */; };
		ED455B4129C5EFF0003C0A0E /* envelope.json in Resources */ = {isa = PBXBuildFile; fileRef = ED455B4029C5EFF0003C0A0E /* envelope.json */; };
		ED4E0FC529C34FC6007B503B /* EventCollectionViewCell.swift in Sources */ = {isa = PBXBuildFile; fileRef = ED4E0FC429C34FC6007B503B /* EventCollectionViewCell.swift */; };
		ED4E0FC729C35056007B503B /* EventView.swift in Sources */ = {isa = PBXBuildFile; fileRef = ED4E0FC629C35056007B503B /* EventView.swift */; };
		ED4E0FCD29C37D61007B503B /* ActualTableViewCell.swift in Sources */ = {isa = PBXBuildFile; fileRef = ED4E0FCC29C37D61007B503B /* ActualTableViewCell.swift */; };
		ED4E0FCF29C37DDD007B503B /* ActualView.swift in Sources */ = {isa = PBXBuildFile; fileRef = ED4E0FCE29C37DDD007B503B /* ActualView.swift */; };
		EDD67FCD29C42AEE00529FF3 /* TableViewHeaderView.swift in Sources */ = {isa = PBXBuildFile; fileRef = EDD67FCC29C42AEE00529FF3 /* TableViewHeaderView.swift */; };
		EDD67FD029C4520A00529FF3 /* SettingsTableViewCell.swift in Sources */ = {isa = PBXBuildFile; fileRef = EDD67FCF29C4520A00529FF3 /* SettingsTableViewCell.swift */; };
/* End PBXBuildFile section */

/* Begin PBXFileReference section */
		36879C25EC67D15F5FBE1A39 /* libPods-Volrota.a */ = {isa = PBXFileReference; explicitFileType = archive.ar; includeInIndex = 0; path = "libPods-Volrota.a"; sourceTree = BUILT_PRODUCTS_DIR; };
		4DDB3B022B5CAAF42DD5B0CB /* Pods-Volrota.debug.xcconfig */ = {isa = PBXFileReference; includeInIndex = 1; lastKnownFileType = text.xcconfig; name = "Pods-Volrota.debug.xcconfig"; path = "Target Support Files/Pods-Volrota/Pods-Volrota.debug.xcconfig"; sourceTree = "<group>"; };
		642F15A5295ED44200E199F9 /* Volrota.app */ = {isa = PBXFileReference; explicitFileType = wrapper.application; includeInIndex = 0; path = Volrota.app; sourceTree = BUILT_PRODUCTS_DIR; };
		642F15A8295ED44200E199F9 /* AppDelegate.swift */ = {isa = PBXFileReference; lastKnownFileType = sourcecode.swift; path = AppDelegate.swift; sourceTree = "<group>"; };
		642F15AA295ED44200E199F9 /* SceneDelegate.swift */ = {isa = PBXFileReference; lastKnownFileType = sourcecode.swift; path = SceneDelegate.swift; sourceTree = "<group>"; };
		642F15B1295ED44700E199F9 /* Colors.xcassets */ = {isa = PBXFileReference; lastKnownFileType = folder.assetcatalog; path = Colors.xcassets; sourceTree = "<group>"; };
		642F15B4295ED44700E199F9 /* Base */ = {isa = PBXFileReference; lastKnownFileType = file.storyboard; name = Base; path = Base.lproj/LaunchScreen.storyboard; sourceTree = "<group>"; };
		642F15B6295ED44700E199F9 /* Info.plist */ = {isa = PBXFileReference; lastKnownFileType = text.plist.xml; path = Info.plist; sourceTree = "<group>"; };
		642F15BE295ED9F000E199F9 /* Images.xcassets */ = {isa = PBXFileReference; lastKnownFileType = folder.assetcatalog; path = Images.xcassets; sourceTree = "<group>"; };
		642F15C1295EDBA000E199F9 /* Colors.swift */ = {isa = PBXFileReference; fileEncoding = 4; lastKnownFileType = sourcecode.swift; path = Colors.swift; sourceTree = "<group>"; };
		642F15C2295EDBA000E199F9 /* Images.swift */ = {isa = PBXFileReference; fileEncoding = 4; lastKnownFileType = sourcecode.swift; path = Images.swift; sourceTree = "<group>"; };
		642F15C9295EFB8E00E199F9 /* Dependencies.swift */ = {isa = PBXFileReference; lastKnownFileType = sourcecode.swift; path = Dependencies.swift; sourceTree = "<group>"; };
		642F15CB295EFBDE00E199F9 /* AppCoordinator.swift */ = {isa = PBXFileReference; lastKnownFileType = sourcecode.swift; path = AppCoordinator.swift; sourceTree = "<group>"; };
		642F15CD295EFC2900E199F9 /* TabCoordinator.swift */ = {isa = PBXFileReference; lastKnownFileType = sourcecode.swift; path = TabCoordinator.swift; sourceTree = "<group>"; };
		642F15D0295EFCE200E199F9 /* SplashPresenter.swift */ = {isa = PBXFileReference; lastKnownFileType = sourcecode.swift; path = SplashPresenter.swift; sourceTree = "<group>"; };
		642F15D1295EFCE200E199F9 /* SplashViewController.swift */ = {isa = PBXFileReference; lastKnownFileType = sourcecode.swift; path = SplashViewController.swift; sourceTree = "<group>"; };
		642F15D2295EFCE200E199F9 /* SplashBuilder.swift */ = {isa = PBXFileReference; lastKnownFileType = sourcecode.swift; path = SplashBuilder.swift; sourceTree = "<group>"; };
		642F15D8295EFE6D00E199F9 /* Do.swift */ = {isa = PBXFileReference; lastKnownFileType = sourcecode.swift; path = Do.swift; sourceTree = "<group>"; };
		642F15DC295EFF1F00E199F9 /* UIView+Extension.swift */ = {isa = PBXFileReference; lastKnownFileType = sourcecode.swift; path = "UIView+Extension.swift"; sourceTree = "<group>"; };
		642F15DE295EFFFB00E199F9 /* MainCoordinator.swift */ = {isa = PBXFileReference; lastKnownFileType = sourcecode.swift; path = MainCoordinator.swift; sourceTree = "<group>"; };
		642F15E0295F001100E199F9 /* HelperCoordinator.swift */ = {isa = PBXFileReference; lastKnownFileType = sourcecode.swift; path = HelperCoordinator.swift; sourceTree = "<group>"; };
		642F15E2295F001D00E199F9 /* SettingsCoordinator.swift */ = {isa = PBXFileReference; lastKnownFileType = sourcecode.swift; path = SettingsCoordinator.swift; sourceTree = "<group>"; };
		642F15E5295F030C00E199F9 /* MainPresenter.swift */ = {isa = PBXFileReference; lastKnownFileType = sourcecode.swift; path = MainPresenter.swift; sourceTree = "<group>"; };
		642F15E6295F030C00E199F9 /* MainViewController.swift */ = {isa = PBXFileReference; lastKnownFileType = sourcecode.swift; path = MainViewController.swift; sourceTree = "<group>"; };
		642F15E7295F030C00E199F9 /* MainBuilder.swift */ = {isa = PBXFileReference; lastKnownFileType = sourcecode.swift; path = MainBuilder.swift; sourceTree = "<group>"; };
		642F15F3295F037C00E199F9 /* SettingsPresenter.swift */ = {isa = PBXFileReference; lastKnownFileType = sourcecode.swift; path = SettingsPresenter.swift; sourceTree = "<group>"; };
		642F15F4295F037C00E199F9 /* SettingsViewController.swift */ = {isa = PBXFileReference; lastKnownFileType = sourcecode.swift; path = SettingsViewController.swift; sourceTree = "<group>"; };
		642F15F5295F037C00E199F9 /* SettingsBuilder.swift */ = {isa = PBXFileReference; lastKnownFileType = sourcecode.swift; path = SettingsBuilder.swift; sourceTree = "<group>"; };
		642F15FA295F050700E199F9 /* Transition.swift */ = {isa = PBXFileReference; lastKnownFileType = sourcecode.swift; path = Transition.swift; sourceTree = "<group>"; };
		72CF3CD144CA89EAF2E4F1BA /* Pods-Volrota.release.xcconfig */ = {isa = PBXFileReference; includeInIndex = 1; lastKnownFileType = text.xcconfig; name = "Pods-Volrota.release.xcconfig"; path = "Target Support Files/Pods-Volrota/Pods-Volrota.release.xcconfig"; sourceTree = "<group>"; };
		ED10292429C5FE6B0066EA22 /* ProfileTableViewCell.swift */ = {isa = PBXFileReference; lastKnownFileType = sourcecode.swift; path = ProfileTableViewCell.swift; sourceTree = "<group>"; };
		ED10292629C602800066EA22 /* ProfileSettingsCell.swift */ = {isa = PBXFileReference; lastKnownFileType = sourcecode.swift; path = ProfileSettingsCell.swift; sourceTree = "<group>"; };
		ED10292829C605F10066EA22 /* ProfileCoordinator.swift */ = {isa = PBXFileReference; lastKnownFileType = sourcecode.swift; path = ProfileCoordinator.swift; sourceTree = "<group>"; };
		ED28268829C308600026000B /* ProfileView.swift */ = {isa = PBXFileReference; lastKnownFileType = sourcecode.swift; path = ProfileView.swift; sourceTree = "<group>"; };
		ED28268E29C325FC0026000B /* UIViewController+Extension.swift */ = {isa = PBXFileReference; lastKnownFileType = sourcecode.swift; path = "UIViewController+Extension.swift"; sourceTree = "<group>"; };
		ED28269029C32DEB0026000B /* UICollectionView+Extension.swift */ = {isa = PBXFileReference; lastKnownFileType = sourcecode.swift; path = "UICollectionView+Extension.swift"; sourceTree = "<group>"; };
		ED28269229C32E040026000B /* UITableView+Extension.swift */ = {isa = PBXFileReference; lastKnownFileType = sourcecode.swift; path = "UITableView+Extension.swift"; sourceTree = "<group>"; };
		ED28269529C32E490026000B /* HorizontalTableViewCell.swift */ = {isa = PBXFileReference; lastKnownFileType = sourcecode.swift; path = HorizontalTableViewCell.swift; sourceTree = "<group>"; };
		ED28269829C32F850026000B /* NewsCollectionViewCell.swift */ = {isa = PBXFileReference; lastKnownFileType = sourcecode.swift; path = NewsCollectionViewCell.swift; sourceTree = "<group>"; };
		ED28269A29C32FC70026000B /* NewsView.swift */ = {isa = PBXFileReference; lastKnownFileType = sourcecode.swift; path = NewsView.swift; sourceTree = "<group>"; };
		ED455B1629C483A0003C0A0E /* HelperPresenter.swift */ = {isa = PBXFileReference; lastKnownFileType = sourcecode.swift; path = HelperPresenter.swift; sourceTree = "<group>"; };
		ED455B1729C483A0003C0A0E /* HelperViewController.swift */ = {isa = PBXFileReference; lastKnownFileType = sourcecode.swift; path = HelperViewController.swift; sourceTree = "<group>"; };
		ED455B1829C483A0003C0A0E /* HelperBuilder.swift */ = {isa = PBXFileReference; lastKnownFileType = sourcecode.swift; path = HelperBuilder.swift; sourceTree = "<group>"; };
		ED455B1C29C49C8F003C0A0E /* ErrorView.swift */ = {isa = PBXFileReference; lastKnownFileType = sourcecode.swift; path = ErrorView.swift; sourceTree = "<group>"; };
		ED455B1E29C4A1B6003C0A0E /* LoadingView.swift */ = {isa = PBXFileReference; lastKnownFileType = sourcecode.swift; path = LoadingView.swift; sourceTree = "<group>"; };
		ED455B2129C4B66E003C0A0E /* ProfilePresenter.swift */ = {isa = PBXFileReference; lastKnownFileType = sourcecode.swift; path = ProfilePresenter.swift; sourceTree = "<group>"; };
		ED455B2229C4B66E003C0A0E /* ProfileViewController.swift */ = {isa = PBXFileReference; lastKnownFileType = sourcecode.swift; path = ProfileViewController.swift; sourceTree = "<group>"; };
		ED455B2329C4B66E003C0A0E /* ProfileBuilder.swift */ = {isa = PBXFileReference; lastKnownFileType = sourcecode.swift; path = ProfileBuilder.swift; sourceTree = "<group>"; };
		ED455B2829C4BDB9003C0A0E /* ActualDetailPresenter.swift */ = {isa = PBXFileReference; lastKnownFileType = sourcecode.swift; path = ActualDetailPresenter.swift; sourceTree = "<group>"; };
		ED455B2929C4BDB9003C0A0E /* ActualDetailViewController.swift */ = {isa = PBXFileReference; lastKnownFileType = sourcecode.swift; path = ActualDetailViewController.swift; sourceTree = "<group>"; };
		ED455B2A29C4BDB9003C0A0E /* ActualDetailBuilder.swift */ = {isa = PBXFileReference; lastKnownFileType = sourcecode.swift; path = ActualDetailBuilder.swift; sourceTree = "<group>"; };
		ED455B3029C5EB54003C0A0E /* NotificationsPermissionService.swift */ = {isa = PBXFileReference; fileEncoding = 4; lastKnownFileType = sourcecode.swift; path = NotificationsPermissionService.swift; sourceTree = "<group>"; };
		ED455B3129C5EB54003C0A0E /* PermissionService.swift */ = {isa = PBXFileReference; fileEncoding = 4; lastKnownFileType = sourcecode.swift; path = PermissionService.swift; sourceTree = "<group>"; };
		ED455B3529C5EB95003C0A0E /* OnboardingPresenter.swift */ = {isa = PBXFileReference; lastKnownFileType = sourcecode.swift; path = OnboardingPresenter.swift; sourceTree = "<group>"; };
		ED455B3629C5EB95003C0A0E /* OnboardingViewController.swift */ = {isa = PBXFileReference; lastKnownFileType = sourcecode.swift; path = OnboardingViewController.swift; sourceTree = "<group>"; };
		ED455B3729C5EB95003C0A0E /* OnboardingBuilder.swift */ = {isa = PBXFileReference; lastKnownFileType = sourcecode.swift; path = OnboardingBuilder.swift; sourceTree = "<group>"; };
		ED455B3E29C5EC4D003C0A0E /* BorderedButton.swift */ = {isa = PBXFileReference; fileEncoding = 4; lastKnownFileType = sourcecode.swift; path = BorderedButton.swift; sourceTree = "<group>"; };
		ED455B4029C5EFF0003C0A0E /* envelope.json */ = {isa = PBXFileReference; fileEncoding = 4; lastKnownFileType = text.json; path = envelope.json; sourceTree = "<group>"; };
		ED4E0FC429C34FC6007B503B /* EventCollectionViewCell.swift */ = {isa = PBXFileReference; lastKnownFileType = sourcecode.swift; path = EventCollectionViewCell.swift; sourceTree = "<group>"; };
		ED4E0FC629C35056007B503B /* EventView.swift */ = {isa = PBXFileReference; lastKnownFileType = sourcecode.swift; path = EventView.swift; sourceTree = "<group>"; };
		ED4E0FCC29C37D61007B503B /* ActualTableViewCell.swift */ = {isa = PBXFileReference; lastKnownFileType = sourcecode.swift; path = ActualTableViewCell.swift; sourceTree = "<group>"; };
		ED4E0FCE29C37DDD007B503B /* ActualView.swift */ = {isa = PBXFileReference; lastKnownFileType = sourcecode.swift; path = ActualView.swift; sourceTree = "<group>"; };
		EDD67FCC29C42AEE00529FF3 /* TableViewHeaderView.swift */ = {isa = PBXFileReference; lastKnownFileType = sourcecode.swift; path = TableViewHeaderView.swift; sourceTree = "<group>"; };
		EDD67FCF29C4520A00529FF3 /* SettingsTableViewCell.swift */ = {isa = PBXFileReference; lastKnownFileType = sourcecode.swift; path = SettingsTableViewCell.swift; sourceTree = "<group>"; };
/* End PBXFileReference section */

/* Begin PBXFrameworksBuildPhase section */
		642F15A2295ED44200E199F9 /* Frameworks */ = {
			isa = PBXFrameworksBuildPhase;
			buildActionMask = 2147483647;
			files = (
				56B63692F7AC68DAB78362DA /* libPods-Volrota.a in Frameworks */,
			);
			runOnlyForDeploymentPostprocessing = 0;
		};
/* End PBXFrameworksBuildPhase section */

/* Begin PBXGroup section */
		642F159C295ED44100E199F9 = {
			isa = PBXGroup;
			children = (
				642F15A7295ED44200E199F9 /* Volrota */,
				642F15A6295ED44200E199F9 /* Products */,
				8758E01FED81009997D4B05E /* Pods */,
				6AB663897E8C0476FACEEDD5 /* Frameworks */,
			);
			sourceTree = "<group>";
		};
		642F15A6295ED44200E199F9 /* Products */ = {
			isa = PBXGroup;
			children = (
				642F15A5295ED44200E199F9 /* Volrota.app */,
			);
			name = Products;
			sourceTree = "<group>";
		};
		642F15A7295ED44200E199F9 /* Volrota */ = {
			isa = PBXGroup;
			children = (
				ED455B2E29C5EB23003C0A0E /* Services */,
				642F15C7295EFAF800E199F9 /* Application */,
				642F15C6295EFAE800E199F9 /* Coordinators */,
				642F15C5295EFADF00E199F9 /* Screens */,
				642F15C8295EFB0D00E199F9 /* Common */,
				642F15BD295ED9C300E199F9 /* Resources */,
				642F15B6295ED44700E199F9 /* Info.plist */,
			);
			path = Volrota;
			sourceTree = "<group>";
		};
		642F15BD295ED9C300E199F9 /* Resources */ = {
			isa = PBXGroup;
			children = (
				ED455B3B29C5EBF3003C0A0E /* Lottie */,
				642F15C0295EDA0900E199F9 /* SwiftGen */,
				642F15B1295ED44700E199F9 /* Colors.xcassets */,
				642F15BE295ED9F000E199F9 /* Images.xcassets */,
				642F15B3295ED44700E199F9 /* LaunchScreen.storyboard */,
			);
			path = Resources;
			sourceTree = "<group>";
		};
		642F15C0295EDA0900E199F9 /* SwiftGen */ = {
			isa = PBXGroup;
			children = (
				642F15C1295EDBA000E199F9 /* Colors.swift */,
				642F15C2295EDBA000E199F9 /* Images.swift */,
			);
			path = SwiftGen;
			sourceTree = "<group>";
		};
		642F15C5295EFADF00E199F9 /* Screens */ = {
			isa = PBXGroup;
			children = (
				ED455B3429C5EB72003C0A0E /* Onboarding */,
				ED455B2729C4BDA5003C0A0E /* ActualDetail */,
				ED455B2029C4B65D003C0A0E /* Profile */,
				ED455B1529C48390003C0A0E /* Helper */,
				642F15F2295F036700E199F9 /* Settings */,
				642F15E4295F02F900E199F9 /* Main */,
				642F15CF295EFCCF00E199F9 /* Splash */,
			);
			path = Screens;
			sourceTree = "<group>";
		};
		642F15C6295EFAE800E199F9 /* Coordinators */ = {
			isa = PBXGroup;
			children = (
				642F15CB295EFBDE00E199F9 /* AppCoordinator.swift */,
				642F15CD295EFC2900E199F9 /* TabCoordinator.swift */,
				642F15DE295EFFFB00E199F9 /* MainCoordinator.swift */,
				642F15E0295F001100E199F9 /* HelperCoordinator.swift */,
				642F15E2295F001D00E199F9 /* SettingsCoordinator.swift */,
				ED10292829C605F10066EA22 /* ProfileCoordinator.swift */,
				642F15F9295F04F200E199F9 /* Extensions */,
			);
			path = Coordinators;
			sourceTree = "<group>";
		};
		642F15C7295EFAF800E199F9 /* Application */ = {
			isa = PBXGroup;
			children = (
				642F15AA295ED44200E199F9 /* SceneDelegate.swift */,
				642F15A8295ED44200E199F9 /* AppDelegate.swift */,
				642F15C9295EFB8E00E199F9 /* Dependencies.swift */,
			);
			path = Application;
			sourceTree = "<group>";
		};
		642F15C8295EFB0D00E199F9 /* Common */ = {
			isa = PBXGroup;
			children = (
				642F15DA295EFF0200E199F9 /* UI */,
				642F15D6295EFE4900E199F9 /* Foundation */,
			);
			path = Common;
			sourceTree = "<group>";
		};
		642F15CF295EFCCF00E199F9 /* Splash */ = {
			isa = PBXGroup;
			children = (
				642F15D0295EFCE200E199F9 /* SplashPresenter.swift */,
				642F15D1295EFCE200E199F9 /* SplashViewController.swift */,
				642F15D2295EFCE200E199F9 /* SplashBuilder.swift */,
			);
			path = Splash;
			sourceTree = "<group>";
		};
		642F15D6295EFE4900E199F9 /* Foundation */ = {
			isa = PBXGroup;
			children = (
				642F15D7295EFE5C00E199F9 /* Extensions */,
			);
			path = Foundation;
			sourceTree = "<group>";
		};
		642F15D7295EFE5C00E199F9 /* Extensions */ = {
			isa = PBXGroup;
			children = (
				642F15D8295EFE6D00E199F9 /* Do.swift */,
			);
			path = Extensions;
			sourceTree = "<group>";
		};
		642F15DA295EFF0200E199F9 /* UI */ = {
			isa = PBXGroup;
			children = (
				ED28268729C308510026000B /* Views */,
				642F15DB295EFF0A00E199F9 /* Extensions */,
			);
			path = UI;
			sourceTree = "<group>";
		};
		642F15DB295EFF0A00E199F9 /* Extensions */ = {
			isa = PBXGroup;
			children = (
				642F15DC295EFF1F00E199F9 /* UIView+Extension.swift */,
				ED28268E29C325FC0026000B /* UIViewController+Extension.swift */,
				ED28269029C32DEB0026000B /* UICollectionView+Extension.swift */,
				ED28269229C32E040026000B /* UITableView+Extension.swift */,
			);
			path = Extensions;
			sourceTree = "<group>";
		};
		642F15E4295F02F900E199F9 /* Main */ = {
			isa = PBXGroup;
			children = (
				ED28269429C32E260026000B /* Cells */,
				642F15E5295F030C00E199F9 /* MainPresenter.swift */,
				642F15E6295F030C00E199F9 /* MainViewController.swift */,
				642F15E7295F030C00E199F9 /* MainBuilder.swift */,
			);
			path = Main;
			sourceTree = "<group>";
		};
		642F15F2295F036700E199F9 /* Settings */ = {
			isa = PBXGroup;
			children = (
				EDD67FCE29C451F600529FF3 /* Cells */,
				642F15F3295F037C00E199F9 /* SettingsPresenter.swift */,
				642F15F4295F037C00E199F9 /* SettingsViewController.swift */,
				642F15F5295F037C00E199F9 /* SettingsBuilder.swift */,
			);
			path = Settings;
			sourceTree = "<group>";
		};
		642F15F9295F04F200E199F9 /* Extensions */ = {
			isa = PBXGroup;
			children = (
				642F15FA295F050700E199F9 /* Transition.swift */,
			);
			path = Extensions;
			sourceTree = "<group>";
		};
		6AB663897E8C0476FACEEDD5 /* Frameworks */ = {
			isa = PBXGroup;
			children = (
				36879C25EC67D15F5FBE1A39 /* libPods-Volrota.a */,
			);
			name = Frameworks;
			sourceTree = "<group>";
		};
		8758E01FED81009997D4B05E /* Pods */ = {
			isa = PBXGroup;
			children = (
				4DDB3B022B5CAAF42DD5B0CB /* Pods-Volrota.debug.xcconfig */,
				72CF3CD144CA89EAF2E4F1BA /* Pods-Volrota.release.xcconfig */,
			);
			path = Pods;
			sourceTree = "<group>";
		};
		ED28268729C308510026000B /* Views */ = {
			isa = PBXGroup;
			children = (
				ED28268829C308600026000B /* ProfileView.swift */,
				ED28269A29C32FC70026000B /* NewsView.swift */,
				ED4E0FC629C35056007B503B /* EventView.swift */,
				ED4E0FCE29C37DDD007B503B /* ActualView.swift */,
				EDD67FCC29C42AEE00529FF3 /* TableViewHeaderView.swift */,
				ED455B1C29C49C8F003C0A0E /* ErrorView.swift */,
				ED455B1E29C4A1B6003C0A0E /* LoadingView.swift */,
				ED455B3E29C5EC4D003C0A0E /* BorderedButton.swift */,
			);
			path = Views;
			sourceTree = "<group>";
		};
		ED28269429C32E260026000B /* Cells */ = {
			isa = PBXGroup;
			children = (
				ED28269729C32F730026000B /* CollectionCells */,
				ED28269529C32E490026000B /* HorizontalTableViewCell.swift */,
				ED4E0FCC29C37D61007B503B /* ActualTableViewCell.swift */,
			);
			path = Cells;
			sourceTree = "<group>";
		};
		ED28269729C32F730026000B /* CollectionCells */ = {
			isa = PBXGroup;
			children = (
				ED28269829C32F850026000B /* NewsCollectionViewCell.swift */,
				ED4E0FC429C34FC6007B503B /* EventCollectionViewCell.swift */,
			);
			path = CollectionCells;
			sourceTree = "<group>";
		};
		ED455B1529C48390003C0A0E /* Helper */ = {
			isa = PBXGroup;
			children = (
				ED455B1629C483A0003C0A0E /* HelperPresenter.swift */,
				ED455B1729C483A0003C0A0E /* HelperViewController.swift */,
				ED455B1829C483A0003C0A0E /* HelperBuilder.swift */,
			);
			path = Helper;
			sourceTree = "<group>";
		};
		ED455B2029C4B65D003C0A0E /* Profile */ = {
			isa = PBXGroup;
			children = (
				ED455B4229C5FD9F003C0A0E /* Cells */,
				ED455B2129C4B66E003C0A0E /* ProfilePresenter.swift */,
				ED455B2229C4B66E003C0A0E /* ProfileViewController.swift */,
				ED455B2329C4B66E003C0A0E /* ProfileBuilder.swift */,
			);
			path = Profile;
			sourceTree = "<group>";
		};
		ED455B2729C4BDA5003C0A0E /* ActualDetail */ = {
			isa = PBXGroup;
			children = (
				ED455B2829C4BDB9003C0A0E /* ActualDetailPresenter.swift */,
				ED455B2929C4BDB9003C0A0E /* ActualDetailViewController.swift */,
				ED455B2A29C4BDB9003C0A0E /* ActualDetailBuilder.swift */,
			);
			path = ActualDetail;
			sourceTree = "<group>";
		};
		ED455B2E29C5EB23003C0A0E /* Services */ = {
			isa = PBXGroup;
			children = (
				ED455B2F29C5EB2E003C0A0E /* PermissionService */,
			);
			path = Services;
			sourceTree = "<group>";
		};
		ED455B2F29C5EB2E003C0A0E /* PermissionService */ = {
			isa = PBXGroup;
			children = (
				ED455B3029C5EB54003C0A0E /* NotificationsPermissionService.swift */,
				ED455B3129C5EB54003C0A0E /* PermissionService.swift */,
			);
			path = PermissionService;
			sourceTree = "<group>";
		};
		ED455B3429C5EB72003C0A0E /* Onboarding */ = {
			isa = PBXGroup;
			children = (
				ED455B3529C5EB95003C0A0E /* OnboardingPresenter.swift */,
				ED455B3629C5EB95003C0A0E /* OnboardingViewController.swift */,
				ED455B3729C5EB95003C0A0E /* OnboardingBuilder.swift */,
			);
			path = Onboarding;
			sourceTree = "<group>";
		};
		ED455B3B29C5EBF3003C0A0E /* Lottie */ = {
			isa = PBXGroup;
			children = (
				ED455B4029C5EFF0003C0A0E /* envelope.json */,
			);
			path = Lottie;
			sourceTree = "<group>";
		};
		ED455B4229C5FD9F003C0A0E /* Cells */ = {
			isa = PBXGroup;
			children = (
				ED10292429C5FE6B0066EA22 /* ProfileTableViewCell.swift */,
			);
			path = Cells;
			sourceTree = "<group>";
		};
		EDD67FCE29C451F600529FF3 /* Cells */ = {
			isa = PBXGroup;
			children = (
				EDD67FCF29C4520A00529FF3 /* SettingsTableViewCell.swift */,
				ED10292629C602800066EA22 /* ProfileSettingsCell.swift */,
			);
			path = Cells;
			sourceTree = "<group>";
		};
/* End PBXGroup section */

/* Begin PBXNativeTarget section */
		642F15A4295ED44200E199F9 /* Volrota */ = {
			isa = PBXNativeTarget;
			buildConfigurationList = 642F15B9295ED44700E199F9 /* Build configuration list for PBXNativeTarget "Volrota" */;
			buildPhases = (
				EF20ADF68FD77B7DC5EC1353 /* [CP] Check Pods Manifest.lock */,
				642F15BC295ED91B00E199F9 /* SwiftGen */,
				642F15A1295ED44200E199F9 /* Sources */,
				642F15A2295ED44200E199F9 /* Frameworks */,
				642F15A3295ED44200E199F9 /* Resources */,
			);
			buildRules = (
			);
			dependencies = (
			);
			name = Volrota;
			productName = Volrota;
			productReference = 642F15A5295ED44200E199F9 /* Volrota.app */;
			productType = "com.apple.product-type.application";
		};
/* End PBXNativeTarget section */

/* Begin PBXProject section */
		642F159D295ED44100E199F9 /* Project object */ = {
			isa = PBXProject;
			attributes = {
				BuildIndependentTargetsInParallel = 1;
				LastSwiftUpdateCheck = 1410;
				LastUpgradeCheck = 1410;
				TargetAttributes = {
					642F15A4295ED44200E199F9 = {
						CreatedOnToolsVersion = 14.1;
					};
				};
			};
			buildConfigurationList = 642F15A0295ED44100E199F9 /* Build configuration list for PBXProject "Volrota" */;
			compatibilityVersion = "Xcode 13.0";
			developmentRegion = en;
			hasScannedForEncodings = 0;
			knownRegions = (
				en,
				Base,
			);
			mainGroup = 642F159C295ED44100E199F9;
			productRefGroup = 642F15A6295ED44200E199F9 /* Products */;
			projectDirPath = "";
			projectRoot = "";
			targets = (
				642F15A4295ED44200E199F9 /* Volrota */,
			);
		};
/* End PBXProject section */

/* Begin PBXResourcesBuildPhase section */
		642F15A3295ED44200E199F9 /* Resources */ = {
			isa = PBXResourcesBuildPhase;
			buildActionMask = 2147483647;
			files = (
				642F15B5295ED44700E199F9 /* LaunchScreen.storyboard in Resources */,
				ED455B4129C5EFF0003C0A0E /* envelope.json in Resources */,
				642F15BF295ED9F000E199F9 /* Images.xcassets in Resources */,
				642F15B2295ED44700E199F9 /* Colors.xcassets in Resources */,
			);
			runOnlyForDeploymentPostprocessing = 0;
		};
/* End PBXResourcesBuildPhase section */

/* Begin PBXShellScriptBuildPhase section */
		642F15BC295ED91B00E199F9 /* SwiftGen */ = {
			isa = PBXShellScriptBuildPhase;
			buildActionMask = 2147483647;
			files = (
			);
			inputFileListPaths = (
			);
			inputPaths = (
			);
			name = SwiftGen;
			outputFileListPaths = (
			);
			outputPaths = (
			);
			runOnlyForDeploymentPostprocessing = 0;
			shellPath = /bin/sh;
			shellScript = "\"${PODS_ROOT}/SwiftGen/bin/swiftgen\"\n";
		};
		EF20ADF68FD77B7DC5EC1353 /* [CP] Check Pods Manifest.lock */ = {
			isa = PBXShellScriptBuildPhase;
			buildActionMask = 2147483647;
			files = (
			);
			inputFileListPaths = (
			);
			inputPaths = (
				"${PODS_PODFILE_DIR_PATH}/Podfile.lock",
				"${PODS_ROOT}/Manifest.lock",
			);
			name = "[CP] Check Pods Manifest.lock";
			outputFileListPaths = (
			);
			outputPaths = (
				"$(DERIVED_FILE_DIR)/Pods-Volrota-checkManifestLockResult.txt",
			);
			runOnlyForDeploymentPostprocessing = 0;
			shellPath = /bin/sh;
			shellScript = "diff \"${PODS_PODFILE_DIR_PATH}/Podfile.lock\" \"${PODS_ROOT}/Manifest.lock\" > /dev/null\nif [ $? != 0 ] ; then\n    # print error to STDERR\n    echo \"error: The sandbox is not in sync with the Podfile.lock. Run 'pod install' or update your CocoaPods installation.\" >&2\n    exit 1\nfi\n# This output is used by Xcode 'outputs' to avoid re-running this script phase.\necho \"SUCCESS\" > \"${SCRIPT_OUTPUT_FILE_0}\"\n";
			showEnvVarsInLog = 0;
		};
/* End PBXShellScriptBuildPhase section */

/* Begin PBXSourcesBuildPhase section */
		642F15A1295ED44200E199F9 /* Sources */ = {
			isa = PBXSourcesBuildPhase;
			buildActionMask = 2147483647;
			files = (
				ED455B1A29C483A0003C0A0E /* HelperViewController.swift in Sources */,
				ED455B1B29C483A0003C0A0E /* HelperBuilder.swift in Sources */,
				ED28268F29C325FC0026000B /* UIViewController+Extension.swift in Sources */,
				ED28269B29C32FC70026000B /* NewsView.swift in Sources */,
				ED10292729C602800066EA22 /* ProfileSettingsCell.swift in Sources */,
				EDD67FCD29C42AEE00529FF3 /* TableViewHeaderView.swift in Sources */,
				642F15CA295EFB8F00E199F9 /* Dependencies.swift in Sources */,
				ED4E0FC729C35056007B503B /* EventView.swift in Sources */,
				ED4E0FCF29C37DDD007B503B /* ActualView.swift in Sources */,
				ED28269629C32E490026000B /* HorizontalTableViewCell.swift in Sources */,
				642F15DF295EFFFB00E199F9 /* MainCoordinator.swift in Sources */,
				ED455B2D29C4BDB9003C0A0E /* ActualDetailBuilder.swift in Sources */,
				ED455B3829C5EB95003C0A0E /* OnboardingPresenter.swift in Sources */,
				ED455B1929C483A0003C0A0E /* HelperPresenter.swift in Sources */,
				642F15E8295F030C00E199F9 /* MainPresenter.swift in Sources */,
				642F15DD295EFF1F00E199F9 /* UIView+Extension.swift in Sources */,
				ED455B1F29C4A1B6003C0A0E /* LoadingView.swift in Sources */,
				ED455B3A29C5EB95003C0A0E /* OnboardingBuilder.swift in Sources */,
				ED455B2429C4B66E003C0A0E /* ProfilePresenter.swift in Sources */,
				642F15D9295EFE6D00E199F9 /* Do.swift in Sources */,
				642F15FB295F050700E199F9 /* Transition.swift in Sources */,
				642F15EA295F030C00E199F9 /* MainBuilder.swift in Sources */,
				ED455B2529C4B66E003C0A0E /* ProfileViewController.swift in Sources */,
				ED28269129C32DEB0026000B /* UICollectionView+Extension.swift in Sources */,
				642F15CE295EFC2900E199F9 /* TabCoordinator.swift in Sources */,
				642F15D5295EFCE200E199F9 /* SplashBuilder.swift in Sources */,
				642F15C3295EDBA000E199F9 /* Colors.swift in Sources */,
				642F15F8295F037C00E199F9 /* SettingsBuilder.swift in Sources */,
				ED10292529C5FE6B0066EA22 /* ProfileTableViewCell.swift in Sources */,
				ED4E0FC529C34FC6007B503B /* EventCollectionViewCell.swift in Sources */,
				642F15E1295F001100E199F9 /* HelperCoordinator.swift in Sources */,
				ED28269929C32F850026000B /* NewsCollectionViewCell.swift in Sources */,
				642F15E3295F001D00E199F9 /* SettingsCoordinator.swift in Sources */,
				ED10292929C605F10066EA22 /* ProfileCoordinator.swift in Sources */,
				ED455B2C29C4BDB9003C0A0E /* ActualDetailViewController.swift in Sources */,
				ED28268929C308600026000B /* ProfileView.swift in Sources */,
				EDD67FD029C4520A00529FF3 /* SettingsTableViewCell.swift in Sources */,
				ED455B3F29C5EC4D003C0A0E /* BorderedButton.swift in Sources */,
				642F15C4295EDBA000E199F9 /* Images.swift in Sources */,
				642F15A9295ED44200E199F9 /* AppDelegate.swift in Sources */,
				ED28269329C32E040026000B /* UITableView+Extension.swift in Sources */,
				642F15AB295ED44200E199F9 /* SceneDelegate.swift in Sources */,
				ED455B3929C5EB95003C0A0E /* OnboardingViewController.swift in Sources */,
				642F15CC295EFBDE00E199F9 /* AppCoordinator.swift in Sources */,
				ED455B2B29C4BDB9003C0A0E /* ActualDetailPresenter.swift in Sources */,
				ED4E0FCD29C37D61007B503B /* ActualTableViewCell.swift in Sources */,
				ED455B3229C5EB54003C0A0E /* NotificationsPermissionService.swift in Sources */,
				ED455B2629C4B66E003C0A0E /* ProfileBuilder.swift in Sources */,
				642F15E9295F030C00E199F9 /* MainViewController.swift in Sources */,
				642F15F6295F037C00E199F9 /* SettingsPresenter.swift in Sources */,
				642F15D3295EFCE200E199F9 /* SplashPresenter.swift in Sources */,
				ED455B3329C5EB54003C0A0E /* PermissionService.swift in Sources */,
				642F15D4295EFCE200E199F9 /* SplashViewController.swift in Sources */,
				ED455B1D29C49C8F003C0A0E /* ErrorView.swift in Sources */,
				642F15F7295F037C00E199F9 /* SettingsViewController.swift in Sources */,
			);
			runOnlyForDeploymentPostprocessing = 0;
		};
/* End PBXSourcesBuildPhase section */

/* Begin PBXVariantGroup section */
		642F15B3295ED44700E199F9 /* LaunchScreen.storyboard */ = {
			isa = PBXVariantGroup;
			children = (
				642F15B4295ED44700E199F9 /* Base */,
			);
			name = LaunchScreen.storyboard;
			sourceTree = "<group>";
		};
/* End PBXVariantGroup section */

/* Begin XCBuildConfiguration section */
		642F15B7295ED44700E199F9 /* Debug */ = {
			isa = XCBuildConfiguration;
			buildSettings = {
				ALWAYS_SEARCH_USER_PATHS = NO;
				CLANG_ANALYZER_NONNULL = YES;
				CLANG_ANALYZER_NUMBER_OBJECT_CONVERSION = YES_AGGRESSIVE;
				CLANG_CXX_LANGUAGE_STANDARD = "gnu++20";
				CLANG_ENABLE_MODULES = YES;
				CLANG_ENABLE_OBJC_ARC = YES;
				CLANG_ENABLE_OBJC_WEAK = YES;
				CLANG_WARN_BLOCK_CAPTURE_AUTORELEASING = YES;
				CLANG_WARN_BOOL_CONVERSION = YES;
				CLANG_WARN_COMMA = YES;
				CLANG_WARN_CONSTANT_CONVERSION = YES;
				CLANG_WARN_DEPRECATED_OBJC_IMPLEMENTATIONS = YES;
				CLANG_WARN_DIRECT_OBJC_ISA_USAGE = YES_ERROR;
				CLANG_WARN_DOCUMENTATION_COMMENTS = YES;
				CLANG_WARN_EMPTY_BODY = YES;
				CLANG_WARN_ENUM_CONVERSION = YES;
				CLANG_WARN_INFINITE_RECURSION = YES;
				CLANG_WARN_INT_CONVERSION = YES;
				CLANG_WARN_NON_LITERAL_NULL_CONVERSION = YES;
				CLANG_WARN_OBJC_IMPLICIT_RETAIN_SELF = YES;
				CLANG_WARN_OBJC_LITERAL_CONVERSION = YES;
				CLANG_WARN_OBJC_ROOT_CLASS = YES_ERROR;
				CLANG_WARN_QUOTED_INCLUDE_IN_FRAMEWORK_HEADER = YES;
				CLANG_WARN_RANGE_LOOP_ANALYSIS = YES;
				CLANG_WARN_STRICT_PROTOTYPES = YES;
				CLANG_WARN_SUSPICIOUS_MOVE = YES;
				CLANG_WARN_UNGUARDED_AVAILABILITY = YES_AGGRESSIVE;
				CLANG_WARN_UNREACHABLE_CODE = YES;
				CLANG_WARN__DUPLICATE_METHOD_MATCH = YES;
				COPY_PHASE_STRIP = NO;
				DEBUG_INFORMATION_FORMAT = dwarf;
				ENABLE_STRICT_OBJC_MSGSEND = YES;
				ENABLE_TESTABILITY = YES;
				GCC_C_LANGUAGE_STANDARD = gnu11;
				GCC_DYNAMIC_NO_PIC = NO;
				GCC_NO_COMMON_BLOCKS = YES;
				GCC_OPTIMIZATION_LEVEL = 0;
				GCC_PREPROCESSOR_DEFINITIONS = (
					"DEBUG=1",
					"$(inherited)",
				);
				GCC_WARN_64_TO_32_BIT_CONVERSION = YES;
				GCC_WARN_ABOUT_RETURN_TYPE = YES_ERROR;
				GCC_WARN_UNDECLARED_SELECTOR = YES;
				GCC_WARN_UNINITIALIZED_AUTOS = YES_AGGRESSIVE;
				GCC_WARN_UNUSED_FUNCTION = YES;
				GCC_WARN_UNUSED_VARIABLE = YES;
				IPHONEOS_DEPLOYMENT_TARGET = 16.1;
				MTL_ENABLE_DEBUG_INFO = INCLUDE_SOURCE;
				MTL_FAST_MATH = YES;
				ONLY_ACTIVE_ARCH = YES;
				SDKROOT = iphoneos;
				SWIFT_ACTIVE_COMPILATION_CONDITIONS = DEBUG;
				SWIFT_OPTIMIZATION_LEVEL = "-Onone";
			};
			name = Debug;
		};
		642F15B8295ED44700E199F9 /* Release */ = {
			isa = XCBuildConfiguration;
			buildSettings = {
				ALWAYS_SEARCH_USER_PATHS = NO;
				CLANG_ANALYZER_NONNULL = YES;
				CLANG_ANALYZER_NUMBER_OBJECT_CONVERSION = YES_AGGRESSIVE;
				CLANG_CXX_LANGUAGE_STANDARD = "gnu++20";
				CLANG_ENABLE_MODULES = YES;
				CLANG_ENABLE_OBJC_ARC = YES;
				CLANG_ENABLE_OBJC_WEAK = YES;
				CLANG_WARN_BLOCK_CAPTURE_AUTORELEASING = YES;
				CLANG_WARN_BOOL_CONVERSION = YES;
				CLANG_WARN_COMMA = YES;
				CLANG_WARN_CONSTANT_CONVERSION = YES;
				CLANG_WARN_DEPRECATED_OBJC_IMPLEMENTATIONS = YES;
				CLANG_WARN_DIRECT_OBJC_ISA_USAGE = YES_ERROR;
				CLANG_WARN_DOCUMENTATION_COMMENTS = YES;
				CLANG_WARN_EMPTY_BODY = YES;
				CLANG_WARN_ENUM_CONVERSION = YES;
				CLANG_WARN_INFINITE_RECURSION = YES;
				CLANG_WARN_INT_CONVERSION = YES;
				CLANG_WARN_NON_LITERAL_NULL_CONVERSION = YES;
				CLANG_WARN_OBJC_IMPLICIT_RETAIN_SELF = YES;
				CLANG_WARN_OBJC_LITERAL_CONVERSION = YES;
				CLANG_WARN_OBJC_ROOT_CLASS = YES_ERROR;
				CLANG_WARN_QUOTED_INCLUDE_IN_FRAMEWORK_HEADER = YES;
				CLANG_WARN_RANGE_LOOP_ANALYSIS = YES;
				CLANG_WARN_STRICT_PROTOTYPES = YES;
				CLANG_WARN_SUSPICIOUS_MOVE = YES;
				CLANG_WARN_UNGUARDED_AVAILABILITY = YES_AGGRESSIVE;
				CLANG_WARN_UNREACHABLE_CODE = YES;
				CLANG_WARN__DUPLICATE_METHOD_MATCH = YES;
				COPY_PHASE_STRIP = NO;
				DEBUG_INFORMATION_FORMAT = "dwarf-with-dsym";
				ENABLE_NS_ASSERTIONS = NO;
				ENABLE_STRICT_OBJC_MSGSEND = YES;
				GCC_C_LANGUAGE_STANDARD = gnu11;
				GCC_NO_COMMON_BLOCKS = YES;
				GCC_WARN_64_TO_32_BIT_CONVERSION = YES;
				GCC_WARN_ABOUT_RETURN_TYPE = YES_ERROR;
				GCC_WARN_UNDECLARED_SELECTOR = YES;
				GCC_WARN_UNINITIALIZED_AUTOS = YES_AGGRESSIVE;
				GCC_WARN_UNUSED_FUNCTION = YES;
				GCC_WARN_UNUSED_VARIABLE = YES;
				IPHONEOS_DEPLOYMENT_TARGET = 16.1;
				MTL_ENABLE_DEBUG_INFO = NO;
				MTL_FAST_MATH = YES;
				SDKROOT = iphoneos;
				SWIFT_COMPILATION_MODE = wholemodule;
				SWIFT_OPTIMIZATION_LEVEL = "-O";
				VALIDATE_PRODUCT = YES;
			};
			name = Release;
		};
		642F15BA295ED44700E199F9 /* Debug */ = {
			isa = XCBuildConfiguration;
			baseConfigurationReference = 4DDB3B022B5CAAF42DD5B0CB /* Pods-Volrota.debug.xcconfig */;
			buildSettings = {
				ASSETCATALOG_COMPILER_APPICON_NAME = AppIcon;
				ASSETCATALOG_COMPILER_GLOBAL_ACCENT_COLOR_NAME = AccentColor;
				CODE_SIGN_STYLE = Automatic;
				CURRENT_PROJECT_VERSION = 1;
				DEVELOPMENT_TEAM = 88DU546X6V;
				GENERATE_INFOPLIST_FILE = YES;
				INFOPLIST_FILE = Volrota/Info.plist;
				INFOPLIST_KEY_UIApplicationSupportsIndirectInputEvents = YES;
				INFOPLIST_KEY_UILaunchStoryboardName = LaunchScreen;
				INFOPLIST_KEY_UISupportedInterfaceOrientations_iPad = "UIInterfaceOrientationPortrait UIInterfaceOrientationPortraitUpsideDown UIInterfaceOrientationLandscapeLeft UIInterfaceOrientationLandscapeRight";
				INFOPLIST_KEY_UISupportedInterfaceOrientations_iPhone = "UIInterfaceOrientationPortrait UIInterfaceOrientationLandscapeLeft UIInterfaceOrientationLandscapeRight";
				IPHONEOS_DEPLOYMENT_TARGET = 14.1;
				LD_RUNPATH_SEARCH_PATHS = (
					"$(inherited)",
					"@executable_path/Frameworks",
				);
				MARKETING_VERSION = 1.0;
				PRODUCT_BUNDLE_IDENTIFIER = com.jqsoftware.Volrota;
				PRODUCT_NAME = "$(TARGET_NAME)";
				SWIFT_EMIT_LOC_STRINGS = YES;
				SWIFT_VERSION = 5.0;
				TARGETED_DEVICE_FAMILY = "1,2";
			};
			name = Debug;
		};
		642F15BB295ED44700E199F9 /* Release */ = {
			isa = XCBuildConfiguration;
			baseConfigurationReference = 72CF3CD144CA89EAF2E4F1BA /* Pods-Volrota.release.xcconfig */;
			buildSettings = {
				ASSETCATALOG_COMPILER_APPICON_NAME = AppIcon;
				ASSETCATALOG_COMPILER_GLOBAL_ACCENT_COLOR_NAME = AccentColor;
				CODE_SIGN_STYLE = Automatic;
				CURRENT_PROJECT_VERSION = 1;
				DEVELOPMENT_TEAM = 88DU546X6V;
				GENERATE_INFOPLIST_FILE = YES;
				INFOPLIST_FILE = Volrota/Info.plist;
				INFOPLIST_KEY_UIApplicationSupportsIndirectInputEvents = YES;
				INFOPLIST_KEY_UILaunchStoryboardName = LaunchScreen;
				INFOPLIST_KEY_UISupportedInterfaceOrientations_iPad = "UIInterfaceOrientationPortrait UIInterfaceOrientationPortraitUpsideDown UIInterfaceOrientationLandscapeLeft UIInterfaceOrientationLandscapeRight";
				INFOPLIST_KEY_UISupportedInterfaceOrientations_iPhone = "UIInterfaceOrientationPortrait UIInterfaceOrientationLandscapeLeft UIInterfaceOrientationLandscapeRight";
				IPHONEOS_DEPLOYMENT_TARGET = 14.1;
				LD_RUNPATH_SEARCH_PATHS = (
					"$(inherited)",
					"@executable_path/Frameworks",
				);
				MARKETING_VERSION = 1.0;
				PRODUCT_BUNDLE_IDENTIFIER = com.jqsoftware.Volrota;
				PRODUCT_NAME = "$(TARGET_NAME)";
				SWIFT_EMIT_LOC_STRINGS = YES;
				SWIFT_VERSION = 5.0;
				TARGETED_DEVICE_FAMILY = "1,2";
			};
			name = Release;
		};
/* End XCBuildConfiguration section */

/* Begin XCConfigurationList section */
		642F15A0295ED44100E199F9 /* Build configuration list for PBXProject "Volrota" */ = {
			isa = XCConfigurationList;
			buildConfigurations = (
				642F15B7295ED44700E199F9 /* Debug */,
				642F15B8295ED44700E199F9 /* Release */,
			);
			defaultConfigurationIsVisible = 0;
			defaultConfigurationName = Release;
		};
		642F15B9295ED44700E199F9 /* Build configuration list for PBXNativeTarget "Volrota" */ = {
			isa = XCConfigurationList;
			buildConfigurations = (
				642F15BA295ED44700E199F9 /* Debug */,
				642F15BB295ED44700E199F9 /* Release */,
			);
			defaultConfigurationIsVisible = 0;
			defaultConfigurationName = Release;
		};
/* End XCConfigurationList section */
	};
	rootObject = 642F159D295ED44100E199F9 /* Project object */;
}
